
Microsoft Visual Studio Solution File, Format Version 12.00
# Visual Studio Version 16
VisualStudioVersion = 16.0.31424.327
MinimumVisualStudioVersion = 10.0.40219.1
Project("{F184B08F-C81C-45F6-A57F-5ABD9991F28F}") = "EnviroStatus_VB", "EnviroStatus_VB\EnviroStatus_VB.vbproj", "{0D85B00A-AED0-41BC-A014-534C4687A51A}"
EndProject
Project("{D954291E-2A0B-460D-934E-DC6B0785DB48}") = "EnviroStatus.Shared", "EnviroStatus\EnviroStatus.Shared\EnviroStatus.Shared.shproj", "{6279C845-92F8-4333-AB99-3D213163593C}"
EndProject
Project("{FAE04EC0-301F-11D3-BF4B-00C04F79EFBC}") = "EnviroStatus.Droid", "EnviroStatus\EnviroStatus.Droid\EnviroStatus.Droid.csproj", "{0112BAAE-36ED-44D4-A96B-242BC9C79ACA}"
EndProject
Project("{FAE04EC0-301F-11D3-BF4B-00C04F79EFBC}") = "EnviroStatus.iOS", "EnviroStatus\EnviroStatus.iOS\EnviroStatus.iOS.csproj", "{9B29518A-B4EB-44B3-A899-E5A910BB98B0}"
EndProject
Project("{FAE04EC0-301F-11D3-BF4B-00C04F79EFBC}") = "EnviroStatus.UWP", "EnviroStatus\EnviroStatus.UWP\EnviroStatus.UWP.csproj", "{3E36FC15-71D4-407F-9D80-DC0EFA5EF430}"
EndProject
Project("{9A19103F-16F7-4668-BE54-9A1E7A4F7556}") = "EnviroStatus.Wasm", "EnviroStatus\EnviroStatus.Wasm\EnviroStatus.Wasm.csproj", "{48A7239C-9850-42E7-BFA4-49812551E421}"
EndProject
Project("{2150E333-8FDC-42A3-9474-1A3956D46DE8}") = "Solution Items", "Solution Items", "{0B572C1F-AE5D-41FA-B4EB-E8895118E313}"
	ProjectSection(SolutionItems) = preProject
		.editorconfig = .editorconfig
	EndProjectSection
EndProject
Global
	GlobalSection(SharedMSBuildProjectFiles) = preSolution
		EnviroStatus\EnviroStatus.Shared\EnviroStatus.Shared.projitems*{0112baae-36ed-44d4-a96b-242bc9c79aca}*SharedItemsImports = 4
		EnviroStatus\EnviroStatus.Shared\EnviroStatus.Shared.projitems*{3e36fc15-71d4-407f-9d80-dc0efa5ef430}*SharedItemsImports = 4
		EnviroStatus\EnviroStatus.Shared\EnviroStatus.Shared.projitems*{6279c845-92f8-4333-ab99-3d213163593c}*SharedItemsImports = 13
	EndGlobalSection
	GlobalSection(SolutionConfigurationPlatforms) = preSolution
		Ad-Hoc|Any CPU = Ad-Hoc|Any CPU
		Ad-Hoc|ARM = Ad-Hoc|ARM
		Ad-Hoc|ARM64 = Ad-Hoc|ARM64
		Ad-Hoc|iPhone = Ad-Hoc|iPhone
		Ad-Hoc|iPhoneSimulator = Ad-Hoc|iPhoneSimulator
		Ad-Hoc|x64 = Ad-Hoc|x64
		Ad-Hoc|x86 = Ad-Hoc|x86
		AppStore|Any CPU = AppStore|Any CPU
		AppStore|ARM = AppStore|ARM
		AppStore|ARM64 = AppStore|ARM64
		AppStore|iPhone = AppStore|iPhone
		AppStore|iPhoneSimulator = AppStore|iPhoneSimulator
		AppStore|x64 = AppStore|x64
		AppStore|x86 = AppStore|x86
		Debug|Any CPU = Debug|Any CPU
		Debug|ARM = Debug|ARM
		Debug|ARM64 = Debug|ARM64
		Debug|iPhone = Debug|iPhone
		Debug|iPhoneSimulator = Debug|iPhoneSimulator
		Debug|x64 = Debug|x64
		Debug|x86 = Debug|x86
		Release|Any CPU = Release|Any CPU
		Release|ARM = Release|ARM
		Release|ARM64 = Release|ARM64
		Release|iPhone = Release|iPhone
		Release|iPhoneSimulator = Release|iPhoneSimulator
		Release|x64 = Release|x64
		Release|x86 = Release|x86
	EndGlobalSection
	GlobalSection(ProjectConfigurationPlatforms) = postSolution
		{0D85B00A-AED0-41BC-A014-534C4687A51A}.Ad-Hoc|Any CPU.ActiveCfg = Release|x86
		{0D85B00A-AED0-41BC-A014-534C4687A51A}.Ad-Hoc|Any CPU.Build.0 = Release|x86
		{0D85B00A-AED0-41BC-A014-534C4687A51A}.Ad-Hoc|Any CPU.Deploy.0 = Release|x86
		{0D85B00A-AED0-41BC-A014-534C4687A51A}.Ad-Hoc|ARM.ActiveCfg = Release|ARM
		{0D85B00A-AED0-41BC-A014-534C4687A51A}.Ad-Hoc|ARM.Build.0 = Release|ARM
		{0D85B00A-AED0-41BC-A014-534C4687A51A}.Ad-Hoc|ARM.Deploy.0 = Release|ARM
		{0D85B00A-AED0-41BC-A014-534C4687A51A}.Ad-Hoc|ARM64.ActiveCfg = Release|ARM64
		{0D85B00A-AED0-41BC-A014-534C4687A51A}.Ad-Hoc|ARM64.Build.0 = Release|ARM64
		{0D85B00A-AED0-41BC-A014-534C4687A51A}.Ad-Hoc|ARM64.Deploy.0 = Release|ARM64
		{0D85B00A-AED0-41BC-A014-534C4687A51A}.Ad-Hoc|iPhone.ActiveCfg = Release|x86
		{0D85B00A-AED0-41BC-A014-534C4687A51A}.Ad-Hoc|iPhone.Build.0 = Release|x86
		{0D85B00A-AED0-41BC-A014-534C4687A51A}.Ad-Hoc|iPhone.Deploy.0 = Release|x86
		{0D85B00A-AED0-41BC-A014-534C4687A51A}.Ad-Hoc|iPhoneSimulator.ActiveCfg = Release|x86
		{0D85B00A-AED0-41BC-A014-534C4687A51A}.Ad-Hoc|iPhoneSimulator.Build.0 = Release|x86
		{0D85B00A-AED0-41BC-A014-534C4687A51A}.Ad-Hoc|iPhoneSimulator.Deploy.0 = Release|x86
		{0D85B00A-AED0-41BC-A014-534C4687A51A}.Ad-Hoc|x64.ActiveCfg = Release|x64
		{0D85B00A-AED0-41BC-A014-534C4687A51A}.Ad-Hoc|x64.Build.0 = Release|x64
		{0D85B00A-AED0-41BC-A014-534C4687A51A}.Ad-Hoc|x64.Deploy.0 = Release|x64
		{0D85B00A-AED0-41BC-A014-534C4687A51A}.Ad-Hoc|x86.ActiveCfg = Release|x86
		{0D85B00A-AED0-41BC-A014-534C4687A51A}.Ad-Hoc|x86.Build.0 = Release|x86
		{0D85B00A-AED0-41BC-A014-534C4687A51A}.Ad-Hoc|x86.Deploy.0 = Release|x86
		{0D85B00A-AED0-41BC-A014-534C4687A51A}.AppStore|Any CPU.ActiveCfg = Release|x86
		{0D85B00A-AED0-41BC-A014-534C4687A51A}.AppStore|Any CPU.Build.0 = Release|x86
		{0D85B00A-AED0-41BC-A014-534C4687A51A}.AppStore|Any CPU.Deploy.0 = Release|x86
		{0D85B00A-AED0-41BC-A014-534C4687A51A}.AppStore|ARM.ActiveCfg = Release|ARM
		{0D85B00A-AED0-41BC-A014-534C4687A51A}.AppStore|ARM.Build.0 = Release|ARM
		{0D85B00A-AED0-41BC-A014-534C4687A51A}.AppStore|ARM.Deploy.0 = Release|ARM
		{0D85B00A-AED0-41BC-A014-534C4687A51A}.AppStore|ARM64.ActiveCfg = Release|ARM64
		{0D85B00A-AED0-41BC-A014-534C4687A51A}.AppStore|ARM64.Build.0 = Release|ARM64
		{0D85B00A-AED0-41BC-A014-534C4687A51A}.AppStore|ARM64.Deploy.0 = Release|ARM64
		{0D85B00A-AED0-41BC-A014-534C4687A51A}.AppStore|iPhone.ActiveCfg = Release|x86
		{0D85B00A-AED0-41BC-A014-534C4687A51A}.AppStore|iPhone.Build.0 = Release|x86
		{0D85B00A-AED0-41BC-A014-534C4687A51A}.AppStore|iPhone.Deploy.0 = Release|x86
		{0D85B00A-AED0-41BC-A014-534C4687A51A}.AppStore|iPhoneSimulator.ActiveCfg = Release|x86
		{0D85B00A-AED0-41BC-A014-534C4687A51A}.AppStore|iPhoneSimulator.Build.0 = Release|x86
		{0D85B00A-AED0-41BC-A014-534C4687A51A}.AppStore|iPhoneSimulator.Deploy.0 = Release|x86
		{0D85B00A-AED0-41BC-A014-534C4687A51A}.AppStore|x64.ActiveCfg = Release|x64
		{0D85B00A-AED0-41BC-A014-534C4687A51A}.AppStore|x64.Build.0 = Release|x64
		{0D85B00A-AED0-41BC-A014-534C4687A51A}.AppStore|x64.Deploy.0 = Release|x64
		{0D85B00A-AED0-41BC-A014-534C4687A51A}.AppStore|x86.ActiveCfg = Release|x86
		{0D85B00A-AED0-41BC-A014-534C4687A51A}.AppStore|x86.Build.0 = Release|x86
		{0D85B00A-AED0-41BC-A014-534C4687A51A}.AppStore|x86.Deploy.0 = Release|x86
		{0D85B00A-AED0-41BC-A014-534C4687A51A}.Debug|Any CPU.ActiveCfg = Debug|x86
		{0D85B00A-AED0-41BC-A014-534C4687A51A}.Debug|ARM.ActiveCfg = Debug|ARM
		{0D85B00A-AED0-41BC-A014-534C4687A51A}.Debug|ARM.Build.0 = Debug|ARM
		{0D85B00A-AED0-41BC-A014-534C4687A51A}.Debug|ARM.Deploy.0 = Debug|ARM
		{0D85B00A-AED0-41BC-A014-534C4687A51A}.Debug|ARM64.ActiveCfg = Debug|ARM64
		{0D85B00A-AED0-41BC-A014-534C4687A51A}.Debug|ARM64.Build.0 = Debug|ARM64
		{0D85B00A-AED0-41BC-A014-534C4687A51A}.Debug|ARM64.Deploy.0 = Debug|ARM64
		{0D85B00A-AED0-41BC-A014-534C4687A51A}.Debug|iPhone.ActiveCfg = Debug|x86
		{0D85B00A-AED0-41BC-A014-534C4687A51A}.Debug|iPhoneSimulator.ActiveCfg = Debug|x86
		{0D85B00A-AED0-41BC-A014-534C4687A51A}.Debug|x64.ActiveCfg = Debug|x64
		{0D85B00A-AED0-41BC-A014-534C4687A51A}.Debug|x64.Build.0 = Debug|x64
		{0D85B00A-AED0-41BC-A014-534C4687A51A}.Debug|x64.Deploy.0 = Debug|x64
		{0D85B00A-AED0-41BC-A014-534C4687A51A}.Debug|x86.ActiveCfg = Debug|x86
		{0D85B00A-AED0-41BC-A014-534C4687A51A}.Debug|x86.Build.0 = Debug|x86
		{0D85B00A-AED0-41BC-A014-534C4687A51A}.Debug|x86.Deploy.0 = Debug|x86
		{0D85B00A-AED0-41BC-A014-534C4687A51A}.Release|Any CPU.ActiveCfg = Release|x86
		{0D85B00A-AED0-41BC-A014-534C4687A51A}.Release|ARM.ActiveCfg = Release|ARM
		{0D85B00A-AED0-41BC-A014-534C4687A51A}.Release|ARM.Build.0 = Release|ARM
		{0D85B00A-AED0-41BC-A014-534C4687A51A}.Release|ARM.Deploy.0 = Release|ARM
		{0D85B00A-AED0-41BC-A014-534C4687A51A}.Release|ARM64.ActiveCfg = Release|ARM64
		{0D85B00A-AED0-41BC-A014-534C4687A51A}.Release|ARM64.Build.0 = Release|ARM64
		{0D85B00A-AED0-41BC-A014-534C4687A51A}.Release|ARM64.Deploy.0 = Release|ARM64
		{0D85B00A-AED0-41BC-A014-534C4687A51A}.Release|iPhone.ActiveCfg = Release|x86
		{0D85B00A-AED0-41BC-A014-534C4687A51A}.Release|iPhoneSimulator.ActiveCfg = Release|x86
		{0D85B00A-AED0-41BC-A014-534C4687A51A}.Release|x64.ActiveCfg = Release|x64
		{0D85B00A-AED0-41BC-A014-534C4687A51A}.Release|x64.Build.0 = Release|x64
		{0D85B00A-AED0-41BC-A014-534C4687A51A}.Release|x64.Deploy.0 = Release|x64
		{0D85B00A-AED0-41BC-A014-534C4687A51A}.Release|x86.ActiveCfg = Release|x86
		{0D85B00A-AED0-41BC-A014-534C4687A51A}.Release|x86.Build.0 = Release|x86
		{0D85B00A-AED0-41BC-A014-534C4687A51A}.Release|x86.Deploy.0 = Release|x86
		{0112BAAE-36ED-44D4-A96B-242BC9C79ACA}.Ad-Hoc|Any CPU.ActiveCfg = Release|Any CPU
		{0112BAAE-36ED-44D4-A96B-242BC9C79ACA}.Ad-Hoc|Any CPU.Build.0 = Release|Any CPU
		{0112BAAE-36ED-44D4-A96B-242BC9C79ACA}.Ad-Hoc|Any CPU.Deploy.0 = Release|Any CPU
		{0112BAAE-36ED-44D4-A96B-242BC9C79ACA}.Ad-Hoc|ARM.ActiveCfg = Release|Any CPU
		{0112BAAE-36ED-44D4-A96B-242BC9C79ACA}.Ad-Hoc|ARM.Build.0 = Release|Any CPU
		{0112BAAE-36ED-44D4-A96B-242BC9C79ACA}.Ad-Hoc|ARM.Deploy.0 = Release|Any CPU
		{0112BAAE-36ED-44D4-A96B-242BC9C79ACA}.Ad-Hoc|ARM64.ActiveCfg = Release|Any CPU
		{0112BAAE-36ED-44D4-A96B-242BC9C79ACA}.Ad-Hoc|ARM64.Build.0 = Release|Any CPU
		{0112BAAE-36ED-44D4-A96B-242BC9C79ACA}.Ad-Hoc|ARM64.Deploy.0 = Release|Any CPU
		{0112BAAE-36ED-44D4-A96B-242BC9C79ACA}.Ad-Hoc|iPhone.ActiveCfg = Release|Any CPU
		{0112BAAE-36ED-44D4-A96B-242BC9C79ACA}.Ad-Hoc|iPhone.Build.0 = Release|Any CPU
		{0112BAAE-36ED-44D4-A96B-242BC9C79ACA}.Ad-Hoc|iPhone.Deploy.0 = Release|Any CPU
		{0112BAAE-36ED-44D4-A96B-242BC9C79ACA}.Ad-Hoc|iPhoneSimulator.ActiveCfg = Release|Any CPU
		{0112BAAE-36ED-44D4-A96B-242BC9C79ACA}.Ad-Hoc|iPhoneSimulator.Build.0 = Release|Any CPU
		{0112BAAE-36ED-44D4-A96B-242BC9C79ACA}.Ad-Hoc|iPhoneSimulator.Deploy.0 = Release|Any CPU
		{0112BAAE-36ED-44D4-A96B-242BC9C79ACA}.Ad-Hoc|x64.ActiveCfg = Release|Any CPU
		{0112BAAE-36ED-44D4-A96B-242BC9C79ACA}.Ad-Hoc|x64.Build.0 = Release|Any CPU
		{0112BAAE-36ED-44D4-A96B-242BC9C79ACA}.Ad-Hoc|x64.Deploy.0 = Release|Any CPU
		{0112BAAE-36ED-44D4-A96B-242BC9C79ACA}.Ad-Hoc|x86.ActiveCfg = Release|Any CPU
		{0112BAAE-36ED-44D4-A96B-242BC9C79ACA}.Ad-Hoc|x86.Build.0 = Release|Any CPU
		{0112BAAE-36ED-44D4-A96B-242BC9C79ACA}.Ad-Hoc|x86.Deploy.0 = Release|Any CPU
		{0112BAAE-36ED-44D4-A96B-242BC9C79ACA}.AppStore|Any CPU.ActiveCfg = Release|Any CPU
		{0112BAAE-36ED-44D4-A96B-242BC9C79ACA}.AppStore|Any CPU.Build.0 = Release|Any CPU
		{0112BAAE-36ED-44D4-A96B-242BC9C79ACA}.AppStore|Any CPU.Deploy.0 = Release|Any CPU
		{0112BAAE-36ED-44D4-A96B-242BC9C79ACA}.AppStore|ARM.ActiveCfg = Release|Any CPU
		{0112BAAE-36ED-44D4-A96B-242BC9C79ACA}.AppStore|ARM.Build.0 = Release|Any CPU
		{0112BAAE-36ED-44D4-A96B-242BC9C79ACA}.AppStore|ARM.Deploy.0 = Release|Any CPU
		{0112BAAE-36ED-44D4-A96B-242BC9C79ACA}.AppStore|ARM64.ActiveCfg = Release|Any CPU
		{0112BAAE-36ED-44D4-A96B-242BC9C79ACA}.AppStore|ARM64.Build.0 = Release|Any CPU
		{0112BAAE-36ED-44D4-A96B-242BC9C79ACA}.AppStore|ARM64.Deploy.0 = Release|Any CPU
		{0112BAAE-36ED-44D4-A96B-242BC9C79ACA}.AppStore|iPhone.ActiveCfg = Release|Any CPU
		{0112BAAE-36ED-44D4-A96B-242BC9C79ACA}.AppStore|iPhone.Build.0 = Release|Any CPU
		{0112BAAE-36ED-44D4-A96B-242BC9C79ACA}.AppStore|iPhone.Deploy.0 = Release|Any CPU
		{0112BAAE-36ED-44D4-A96B-242BC9C79ACA}.AppStore|iPhoneSimulator.ActiveCfg = Release|Any CPU
		{0112BAAE-36ED-44D4-A96B-242BC9C79ACA}.AppStore|iPhoneSimulator.Build.0 = Release|Any CPU
		{0112BAAE-36ED-44D4-A96B-242BC9C79ACA}.AppStore|iPhoneSimulator.Deploy.0 = Release|Any CPU
		{0112BAAE-36ED-44D4-A96B-242BC9C79ACA}.AppStore|x64.ActiveCfg = Release|Any CPU
		{0112BAAE-36ED-44D4-A96B-242BC9C79ACA}.AppStore|x64.Build.0 = Release|Any CPU
		{0112BAAE-36ED-44D4-A96B-242BC9C79ACA}.AppStore|x64.Deploy.0 = Release|Any CPU
		{0112BAAE-36ED-44D4-A96B-242BC9C79ACA}.AppStore|x86.ActiveCfg = Release|Any CPU
		{0112BAAE-36ED-44D4-A96B-242BC9C79ACA}.AppStore|x86.Build.0 = Release|Any CPU
		{0112BAAE-36ED-44D4-A96B-242BC9C79ACA}.AppStore|x86.Deploy.0 = Release|Any CPU
		{0112BAAE-36ED-44D4-A96B-242BC9C79ACA}.Debug|Any CPU.ActiveCfg = Debug|Any CPU
		{0112BAAE-36ED-44D4-A96B-242BC9C79ACA}.Debug|Any CPU.Build.0 = Debug|Any CPU
		{0112BAAE-36ED-44D4-A96B-242BC9C79ACA}.Debug|Any CPU.Deploy.0 = Debug|Any CPU
		{0112BAAE-36ED-44D4-A96B-242BC9C79ACA}.Debug|ARM.ActiveCfg = Debug|Any CPU
		{0112BAAE-36ED-44D4-A96B-242BC9C79ACA}.Debug|ARM.Build.0 = Debug|Any CPU
		{0112BAAE-36ED-44D4-A96B-242BC9C79ACA}.Debug|ARM.Deploy.0 = Debug|Any CPU
		{0112BAAE-36ED-44D4-A96B-242BC9C79ACA}.Debug|ARM64.ActiveCfg = Debug|Any CPU
		{0112BAAE-36ED-44D4-A96B-242BC9C79ACA}.Debug|ARM64.Build.0 = Debug|Any CPU
		{0112BAAE-36ED-44D4-A96B-242BC9C79ACA}.Debug|ARM64.Deploy.0 = Debug|Any CPU
		{0112BAAE-36ED-44D4-A96B-242BC9C79ACA}.Debug|iPhone.ActiveCfg = Debug|Any CPU
		{0112BAAE-36ED-44D4-A96B-242BC9C79ACA}.Debug|iPhone.Build.0 = Debug|Any CPU
		{0112BAAE-36ED-44D4-A96B-242BC9C79ACA}.Debug|iPhone.Deploy.0 = Debug|Any CPU
		{0112BAAE-36ED-44D4-A96B-242BC9C79ACA}.Debug|iPhoneSimulator.ActiveCfg = Debug|Any CPU
		{0112BAAE-36ED-44D4-A96B-242BC9C79ACA}.Debug|iPhoneSimulator.Build.0 = Debug|Any CPU
		{0112BAAE-36ED-44D4-A96B-242BC9C79ACA}.Debug|iPhoneSimulator.Deploy.0 = Debug|Any CPU
		{0112BAAE-36ED-44D4-A96B-242BC9C79ACA}.Debug|x64.ActiveCfg = Debug|Any CPU
		{0112BAAE-36ED-44D4-A96B-242BC9C79ACA}.Debug|x64.Build.0 = Debug|Any CPU
		{0112BAAE-36ED-44D4-A96B-242BC9C79ACA}.Debug|x64.Deploy.0 = Debug|Any CPU
		{0112BAAE-36ED-44D4-A96B-242BC9C79ACA}.Debug|x86.ActiveCfg = Debug|Any CPU
		{0112BAAE-36ED-44D4-A96B-242BC9C79ACA}.Debug|x86.Build.0 = Debug|Any CPU
		{0112BAAE-36ED-44D4-A96B-242BC9C79ACA}.Debug|x86.Deploy.0 = Debug|Any CPU
		{0112BAAE-36ED-44D4-A96B-242BC9C79ACA}.Release|Any CPU.ActiveCfg = Release|Any CPU
		{0112BAAE-36ED-44D4-A96B-242BC9C79ACA}.Release|Any CPU.Build.0 = Release|Any CPU
		{0112BAAE-36ED-44D4-A96B-242BC9C79ACA}.Release|Any CPU.Deploy.0 = Release|Any CPU
		{0112BAAE-36ED-44D4-A96B-242BC9C79ACA}.Release|ARM.ActiveCfg = Release|Any CPU
		{0112BAAE-36ED-44D4-A96B-242BC9C79ACA}.Release|ARM.Build.0 = Release|Any CPU
		{0112BAAE-36ED-44D4-A96B-242BC9C79ACA}.Release|ARM.Deploy.0 = Release|Any CPU
		{0112BAAE-36ED-44D4-A96B-242BC9C79ACA}.Release|ARM64.ActiveCfg = Release|Any CPU
		{0112BAAE-36ED-44D4-A96B-242BC9C79ACA}.Release|ARM64.Build.0 = Release|Any CPU
		{0112BAAE-36ED-44D4-A96B-242BC9C79ACA}.Release|ARM64.Deploy.0 = Release|Any CPU
		{0112BAAE-36ED-44D4-A96B-242BC9C79ACA}.Release|iPhone.ActiveCfg = Release|Any CPU
		{0112BAAE-36ED-44D4-A96B-242BC9C79ACA}.Release|iPhone.Build.0 = Release|Any CPU
		{0112BAAE-36ED-44D4-A96B-242BC9C79ACA}.Release|iPhone.Deploy.0 = Release|Any CPU
		{0112BAAE-36ED-44D4-A96B-242BC9C79ACA}.Release|iPhoneSimulator.ActiveCfg = Release|Any CPU
		{0112BAAE-36ED-44D4-A96B-242BC9C79ACA}.Release|iPhoneSimulator.Build.0 = Release|Any CPU
		{0112BAAE-36ED-44D4-A96B-242BC9C79ACA}.Release|iPhoneSimulator.Deploy.0 = Release|Any CPU
		{0112BAAE-36ED-44D4-A96B-242BC9C79ACA}.Release|x64.ActiveCfg = Release|Any CPU
		{0112BAAE-36ED-44D4-A96B-242BC9C79ACA}.Release|x64.Build.0 = Release|Any CPU
		{0112BAAE-36ED-44D4-A96B-242BC9C79ACA}.Release|x64.Deploy.0 = Release|Any CPU
		{0112BAAE-36ED-44D4-A96B-242BC9C79ACA}.Release|x86.ActiveCfg = Release|Any CPU
		{0112BAAE-36ED-44D4-A96B-242BC9C79ACA}.Release|x86.Build.0 = Release|Any CPU
		{0112BAAE-36ED-44D4-A96B-242BC9C79ACA}.Release|x86.Deploy.0 = Release|Any CPU
		{9B29518A-B4EB-44B3-A899-E5A910BB98B0}.Ad-Hoc|Any CPU.ActiveCfg = Ad-Hoc|iPhone
		{9B29518A-B4EB-44B3-A899-E5A910BB98B0}.Ad-Hoc|ARM.ActiveCfg = Ad-Hoc|iPhone
		{9B29518A-B4EB-44B3-A899-E5A910BB98B0}.Ad-Hoc|ARM64.ActiveCfg = Ad-Hoc|iPhone
		{9B29518A-B4EB-44B3-A899-E5A910BB98B0}.Ad-Hoc|iPhone.ActiveCfg = Ad-Hoc|iPhone
		{9B29518A-B4EB-44B3-A899-E5A910BB98B0}.Ad-Hoc|iPhone.Build.0 = Ad-Hoc|iPhone
		{9B29518A-B4EB-44B3-A899-E5A910BB98B0}.Ad-Hoc|iPhoneSimulator.ActiveCfg = Ad-Hoc|iPhoneSimulator
		{9B29518A-B4EB-44B3-A899-E5A910BB98B0}.Ad-Hoc|iPhoneSimulator.Build.0 = Ad-Hoc|iPhoneSimulator
		{9B29518A-B4EB-44B3-A899-E5A910BB98B0}.Ad-Hoc|x64.ActiveCfg = Ad-Hoc|iPhone
		{9B29518A-B4EB-44B3-A899-E5A910BB98B0}.Ad-Hoc|x86.ActiveCfg = Ad-Hoc|iPhone
		{9B29518A-B4EB-44B3-A899-E5A910BB98B0}.AppStore|Any CPU.ActiveCfg = AppStore|iPhone
		{9B29518A-B4EB-44B3-A899-E5A910BB98B0}.AppStore|ARM.ActiveCfg = AppStore|iPhone
		{9B29518A-B4EB-44B3-A899-E5A910BB98B0}.AppStore|ARM64.ActiveCfg = AppStore|iPhone
		{9B29518A-B4EB-44B3-A899-E5A910BB98B0}.AppStore|iPhone.ActiveCfg = AppStore|iPhone
		{9B29518A-B4EB-44B3-A899-E5A910BB98B0}.AppStore|iPhone.Build.0 = AppStore|iPhone
		{9B29518A-B4EB-44B3-A899-E5A910BB98B0}.AppStore|iPhoneSimulator.ActiveCfg = AppStore|iPhoneSimulator
		{9B29518A-B4EB-44B3-A899-E5A910BB98B0}.AppStore|iPhoneSimulator.Build.0 = AppStore|iPhoneSimulator
		{9B29518A-B4EB-44B3-A899-E5A910BB98B0}.AppStore|x64.ActiveCfg = AppStore|iPhone
		{9B29518A-B4EB-44B3-A899-E5A910BB98B0}.AppStore|x86.ActiveCfg = AppStore|iPhone
		{9B29518A-B4EB-44B3-A899-E5A910BB98B0}.Debug|Any CPU.ActiveCfg = Debug|iPhone
		{9B29518A-B4EB-44B3-A899-E5A910BB98B0}.Debug|ARM.ActiveCfg = Debug|iPhone
		{9B29518A-B4EB-44B3-A899-E5A910BB98B0}.Debug|ARM64.ActiveCfg = Debug|iPhone
		{9B29518A-B4EB-44B3-A899-E5A910BB98B0}.Debug|iPhone.ActiveCfg = Debug|iPhone
		{9B29518A-B4EB-44B3-A899-E5A910BB98B0}.Debug|iPhone.Build.0 = Debug|iPhone
		{9B29518A-B4EB-44B3-A899-E5A910BB98B0}.Debug|iPhoneSimulator.ActiveCfg = Debug|iPhoneSimulator
		{9B29518A-B4EB-44B3-A899-E5A910BB98B0}.Debug|iPhoneSimulator.Build.0 = Debug|iPhoneSimulator
		{9B29518A-B4EB-44B3-A899-E5A910BB98B0}.Debug|x64.ActiveCfg = Debug|iPhone
		{9B29518A-B4EB-44B3-A899-E5A910BB98B0}.Debug|x86.ActiveCfg = Debug|iPhone
		{9B29518A-B4EB-44B3-A899-E5A910BB98B0}.Release|Any CPU.ActiveCfg = Release|iPhone
		{9B29518A-B4EB-44B3-A899-E5A910BB98B0}.Release|ARM.ActiveCfg = Release|iPhone
		{9B29518A-B4EB-44B3-A899-E5A910BB98B0}.Release|ARM64.ActiveCfg = Release|iPhone
		{9B29518A-B4EB-44B3-A899-E5A910BB98B0}.Release|iPhone.ActiveCfg = Release|iPhone
		{9B29518A-B4EB-44B3-A899-E5A910BB98B0}.Release|iPhone.Build.0 = Release|iPhone
		{9B29518A-B4EB-44B3-A899-E5A910BB98B0}.Release|iPhoneSimulator.ActiveCfg = Release|iPhoneSimulator
		{9B29518A-B4EB-44B3-A899-E5A910BB98B0}.Release|iPhoneSimulator.Build.0 = Release|iPhoneSimulator
		{9B29518A-B4EB-44B3-A899-E5A910BB98B0}.Release|x64.ActiveCfg = Release|iPhone
		{9B29518A-B4EB-44B3-A899-E5A910BB98B0}.Release|x86.ActiveCfg = Release|iPhone
		{3E36FC15-71D4-407F-9D80-DC0EFA5EF430}.Ad-Hoc|Any CPU.ActiveCfg = Release|x64
		{3E36FC15-71D4-407F-9D80-DC0EFA5EF430}.Ad-Hoc|Any CPU.Build.0 = Release|x64
		{3E36FC15-71D4-407F-9D80-DC0EFA5EF430}.Ad-Hoc|Any CPU.Deploy.0 = Release|x64
		{3E36FC15-71D4-407F-9D80-DC0EFA5EF430}.Ad-Hoc|ARM.ActiveCfg = Release|ARM
		{3E36FC15-71D4-407F-9D80-DC0EFA5EF430}.Ad-Hoc|ARM.Build.0 = Release|ARM
		{3E36FC15-71D4-407F-9D80-DC0EFA5EF430}.Ad-Hoc|ARM.Deploy.0 = Release|ARM
		{3E36FC15-71D4-407F-9D80-DC0EFA5EF430}.Ad-Hoc|ARM64.ActiveCfg = Release|x64
		{3E36FC15-71D4-407F-9D80-DC0EFA5EF430}.Ad-Hoc|ARM64.Build.0 = Release|x64
		{3E36FC15-71D4-407F-9D80-DC0EFA5EF430}.Ad-Hoc|ARM64.Deploy.0 = Release|x64
		{3E36FC15-71D4-407F-9D80-DC0EFA5EF430}.Ad-Hoc|iPhone.ActiveCfg = Release|x64
		{3E36FC15-71D4-407F-9D80-DC0EFA5EF430}.Ad-Hoc|iPhone.Build.0 = Release|x64
		{3E36FC15-71D4-407F-9D80-DC0EFA5EF430}.Ad-Hoc|iPhone.Deploy.0 = Release|x64
		{3E36FC15-71D4-407F-9D80-DC0EFA5EF430}.Ad-Hoc|iPhoneSimulator.ActiveCfg = Release|x64
		{3E36FC15-71D4-407F-9D80-DC0EFA5EF430}.Ad-Hoc|iPhoneSimulator.Build.0 = Release|x64
		{3E36FC15-71D4-407F-9D80-DC0EFA5EF430}.Ad-Hoc|iPhoneSimulator.Deploy.0 = Release|x64
		{3E36FC15-71D4-407F-9D80-DC0EFA5EF430}.Ad-Hoc|x64.ActiveCfg = Release|x64
		{3E36FC15-71D4-407F-9D80-DC0EFA5EF430}.Ad-Hoc|x64.Build.0 = Release|x64
		{3E36FC15-71D4-407F-9D80-DC0EFA5EF430}.Ad-Hoc|x64.Deploy.0 = Release|x64
		{3E36FC15-71D4-407F-9D80-DC0EFA5EF430}.Ad-Hoc|x86.ActiveCfg = Release|x86
		{3E36FC15-71D4-407F-9D80-DC0EFA5EF430}.Ad-Hoc|x86.Build.0 = Release|x86
		{3E36FC15-71D4-407F-9D80-DC0EFA5EF430}.Ad-Hoc|x86.Deploy.0 = Release|x86
		{3E36FC15-71D4-407F-9D80-DC0EFA5EF430}.AppStore|Any CPU.ActiveCfg = Release|x64
		{3E36FC15-71D4-407F-9D80-DC0EFA5EF430}.AppStore|Any CPU.Build.0 = Release|x64
		{3E36FC15-71D4-407F-9D80-DC0EFA5EF430}.AppStore|Any CPU.Deploy.0 = Release|x64
		{3E36FC15-71D4-407F-9D80-DC0EFA5EF430}.AppStore|ARM.ActiveCfg = Release|ARM
		{3E36FC15-71D4-407F-9D80-DC0EFA5EF430}.AppStore|ARM.Build.0 = Release|ARM
		{3E36FC15-71D4-407F-9D80-DC0EFA5EF430}.AppStore|ARM.Deploy.0 = Release|ARM
		{3E36FC15-71D4-407F-9D80-DC0EFA5EF430}.AppStore|ARM64.ActiveCfg = Release|x64
		{3E36FC15-71D4-407F-9D80-DC0EFA5EF430}.AppStore|ARM64.Build.0 = Release|x64
		{3E36FC15-71D4-407F-9D80-DC0EFA5EF430}.AppStore|ARM64.Deploy.0 = Release|x64
		{3E36FC15-71D4-407F-9D80-DC0EFA5EF430}.AppStore|iPhone.ActiveCfg = Release|x64
		{3E36FC15-71D4-407F-9D80-DC0EFA5EF430}.AppStore|iPhone.Build.0 = Release|x64
		{3E36FC15-71D4-407F-9D80-DC0EFA5EF430}.AppStore|iPhone.Deploy.0 = Release|x64
		{3E36FC15-71D4-407F-9D80-DC0EFA5EF430}.AppStore|iPhoneSimulator.ActiveCfg = Release|x64
		{3E36FC15-71D4-407F-9D80-DC0EFA5EF430}.AppStore|iPhoneSimulator.Build.0 = Release|x64
		{3E36FC15-71D4-407F-9D80-DC0EFA5EF430}.AppStore|iPhoneSimulator.Deploy.0 = Release|x64
		{3E36FC15-71D4-407F-9D80-DC0EFA5EF430}.AppStore|x64.ActiveCfg = Release|x64
		{3E36FC15-71D4-407F-9D80-DC0EFA5EF430}.AppStore|x64.Build.0 = Release|x64
		{3E36FC15-71D4-407F-9D80-DC0EFA5EF430}.AppStore|x64.Deploy.0 = Release|x64
		{3E36FC15-71D4-407F-9D80-DC0EFA5EF430}.AppStore|x86.ActiveCfg = Release|x86
		{3E36FC15-71D4-407F-9D80-DC0EFA5EF430}.AppStore|x86.Build.0 = Release|x86
		{3E36FC15-71D4-407F-9D80-DC0EFA5EF430}.AppStore|x86.Deploy.0 = Release|x86
		{3E36FC15-71D4-407F-9D80-DC0EFA5EF430}.Debug|Any CPU.ActiveCfg = Debug|x86
		{3E36FC15-71D4-407F-9D80-DC0EFA5EF430}.Debug|ARM.ActiveCfg = Debug|ARM
		{3E36FC15-71D4-407F-9D80-DC0EFA5EF430}.Debug|ARM.Build.0 = Debug|ARM
		{3E36FC15-71D4-407F-9D80-DC0EFA5EF430}.Debug|ARM.Deploy.0 = Debug|ARM
		{3E36FC15-71D4-407F-9D80-DC0EFA5EF430}.Debug|ARM64.ActiveCfg = Debug|x86
		{3E36FC15-71D4-407F-9D80-DC0EFA5EF430}.Debug|iPhone.ActiveCfg = Debug|x86
		{3E36FC15-71D4-407F-9D80-DC0EFA5EF430}.Debug|iPhoneSimulator.ActiveCfg = Debug|x86
		{3E36FC15-71D4-407F-9D80-DC0EFA5EF430}.Debug|x64.ActiveCfg = Debug|x64
		{3E36FC15-71D4-407F-9D80-DC0EFA5EF430}.Debug|x64.Build.0 = Debug|x64
		{3E36FC15-71D4-407F-9D80-DC0EFA5EF430}.Debug|x64.Deploy.0 = Debug|x64
		{3E36FC15-71D4-407F-9D80-DC0EFA5EF430}.Debug|x86.ActiveCfg = Debug|x86
		{3E36FC15-71D4-407F-9D80-DC0EFA5EF430}.Debug|x86.Build.0 = Debug|x86
		{3E36FC15-71D4-407F-9D80-DC0EFA5EF430}.Debug|x86.Deploy.0 = Debug|x86
		{3E36FC15-71D4-407F-9D80-DC0EFA5EF430}.Release|Any CPU.ActiveCfg = Release|x86
		{3E36FC15-71D4-407F-9D80-DC0EFA5EF430}.Release|ARM.ActiveCfg = Release|ARM
		{3E36FC15-71D4-407F-9D80-DC0EFA5EF430}.Release|ARM.Build.0 = Release|ARM
		{3E36FC15-71D4-407F-9D80-DC0EFA5EF430}.Release|ARM.Deploy.0 = Release|ARM
		{3E36FC15-71D4-407F-9D80-DC0EFA5EF430}.Release|ARM64.ActiveCfg = Release|x86
		{3E36FC15-71D4-407F-9D80-DC0EFA5EF430}.Release|iPhone.ActiveCfg = Release|x86
		{3E36FC15-71D4-407F-9D80-DC0EFA5EF430}.Release|iPhoneSimulator.ActiveCfg = Release|x86
		{3E36FC15-71D4-407F-9D80-DC0EFA5EF430}.Release|x64.ActiveCfg = Release|x64
		{3E36FC15-71D4-407F-9D80-DC0EFA5EF430}.Release|x64.Build.0 = Release|x64
		{3E36FC15-71D4-407F-9D80-DC0EFA5EF430}.Release|x64.Deploy.0 = Release|x64
		{3E36FC15-71D4-407F-9D80-DC0EFA5EF430}.Release|x86.ActiveCfg = Release|x86
		{3E36FC15-71D4-407F-9D80-DC0EFA5EF430}.Release|x86.Build.0 = Release|x86
		{3E36FC15-71D4-407F-9D80-DC0EFA5EF430}.Release|x86.Deploy.0 = Release|x86
		{48A7239C-9850-42E7-BFA4-49812551E421}.Ad-Hoc|Any CPU.ActiveCfg = Debug|Any CPU
		{48A7239C-9850-42E7-BFA4-49812551E421}.Ad-Hoc|Any CPU.Build.0 = Debug|Any CPU
		{48A7239C-9850-42E7-BFA4-49812551E421}.Ad-Hoc|ARM.ActiveCfg = Debug|Any CPU
		{48A7239C-9850-42E7-BFA4-49812551E421}.Ad-Hoc|ARM.Build.0 = Debug|Any CPU
		{48A7239C-9850-42E7-BFA4-49812551E421}.Ad-Hoc|ARM64.ActiveCfg = Debug|Any CPU
		{48A7239C-9850-42E7-BFA4-49812551E421}.Ad-Hoc|ARM64.Build.0 = Debug|Any CPU
		{48A7239C-9850-42E7-BFA4-49812551E421}.Ad-Hoc|iPhone.ActiveCfg = Debug|Any CPU
		{48A7239C-9850-42E7-BFA4-49812551E421}.Ad-Hoc|iPhone.Build.0 = Debug|Any CPU
		{48A7239C-9850-42E7-BFA4-49812551E421}.Ad-Hoc|iPhoneSimulator.ActiveCfg = Debug|Any CPU
		{48A7239C-9850-42E7-BFA4-49812551E421}.Ad-Hoc|iPhoneSimulator.Build.0 = Debug|Any CPU
		{48A7239C-9850-42E7-BFA4-49812551E421}.Ad-Hoc|x64.ActiveCfg = Debug|Any CPU
		{48A7239C-9850-42E7-BFA4-49812551E421}.Ad-Hoc|x64.Build.0 = Debug|Any CPU
		{48A7239C-9850-42E7-BFA4-49812551E421}.Ad-Hoc|x86.ActiveCfg = Debug|Any CPU
		{48A7239C-9850-42E7-BFA4-49812551E421}.Ad-Hoc|x86.Build.0 = Debug|Any CPU
		{48A7239C-9850-42E7-BFA4-49812551E421}.AppStore|Any CPU.ActiveCfg = Debug|Any CPU
		{48A7239C-9850-42E7-BFA4-49812551E421}.AppStore|Any CPU.Build.0 = Debug|Any CPU
		{48A7239C-9850-42E7-BFA4-49812551E421}.AppStore|ARM.ActiveCfg = Debug|Any CPU
		{48A7239C-9850-42E7-BFA4-49812551E421}.AppStore|ARM.Build.0 = Debug|Any CPU
		{48A7239C-9850-42E7-BFA4-49812551E421}.AppStore|ARM64.ActiveCfg = Debug|Any CPU
		{48A7239C-9850-42E7-BFA4-49812551E421}.AppStore|ARM64.Build.0 = Debug|Any CPU
		{48A7239C-9850-42E7-BFA4-49812551E421}.AppStore|iPhone.ActiveCfg = Debug|Any CPU
		{48A7239C-9850-42E7-BFA4-49812551E421}.AppStore|iPhone.Build.0 = Debug|Any CPU
		{48A7239C-9850-42E7-BFA4-49812551E421}.AppStore|iPhoneSimulator.ActiveCfg = Debug|Any CPU
		{48A7239C-9850-42E7-BFA4-49812551E421}.AppStore|iPhoneSimulator.Build.0 = Debug|Any CPU
		{48A7239C-9850-42E7-BFA4-49812551E421}.AppStore|x64.ActiveCfg = Debug|Any CPU
		{48A7239C-9850-42E7-BFA4-49812551E421}.AppStore|x64.Build.0 = Debug|Any CPU
		{48A7239C-9850-42E7-BFA4-49812551E421}.AppStore|x86.ActiveCfg = Debug|Any CPU
		{48A7239C-9850-42E7-BFA4-49812551E421}.AppStore|x86.Build.0 = Debug|Any CPU
		{48A7239C-9850-42E7-BFA4-49812551E421}.Debug|Any CPU.ActiveCfg = Debug|Any CPU
		{48A7239C-9850-42E7-BFA4-49812551E421}.Debug|Any CPU.Build.0 = Debug|Any CPU
		{48A7239C-9850-42E7-BFA4-49812551E421}.Debug|ARM.ActiveCfg = Debug|Any CPU
		{48A7239C-9850-42E7-BFA4-49812551E421}.Debug|ARM.Build.0 = Debug|Any CPU
		{48A7239C-9850-42E7-BFA4-49812551E421}.Debug|ARM64.ActiveCfg = Debug|Any CPU
		{48A7239C-9850-42E7-BFA4-49812551E421}.Debug|ARM64.Build.0 = Debug|Any CPU
		{48A7239C-9850-42E7-BFA4-49812551E421}.Debug|iPhone.ActiveCfg = Debug|Any CPU
		{48A7239C-9850-42E7-BFA4-49812551E421}.Debug|iPhone.Build.0 = Debug|Any CPU
		{48A7239C-9850-42E7-BFA4-49812551E421}.Debug|iPhoneSimulator.ActiveCfg = Debug|Any CPU
		{48A7239C-9850-42E7-BFA4-49812551E421}.Debug|iPhoneSimulator.Build.0 = Debug|Any CPU
		{48A7239C-9850-42E7-BFA4-49812551E421}.Debug|x64.ActiveCfg = Debug|Any CPU
		{48A7239C-9850-42E7-BFA4-49812551E421}.Debug|x64.Build.0 = Debug|Any CPU
		{48A7239C-9850-42E7-BFA4-49812551E421}.Debug|x86.ActiveCfg = Debug|Any CPU
		{48A7239C-9850-42E7-BFA4-49812551E421}.Debug|x86.Build.0 = Debug|Any CPU
		{48A7239C-9850-42E7-BFA4-49812551E421}.Release|Any CPU.ActiveCfg = Release|Any CPU
		{48A7239C-9850-42E7-BFA4-49812551E421}.Release|Any CPU.Build.0 = Release|Any CPU
		{48A7239C-9850-42E7-BFA4-49812551E421}.Release|ARM.ActiveCfg = Release|Any CPU
		{48A7239C-9850-42E7-BFA4-49812551E421}.Release|ARM.Build.0 = Release|Any CPU
		{48A7239C-9850-42E7-BFA4-49812551E421}.Release|ARM64.ActiveCfg = Release|Any CPU
		{48A7239C-9850-42E7-BFA4-49812551E421}.Release|ARM64.Build.0 = Release|Any CPU
		{48A7239C-9850-42E7-BFA4-49812551E421}.Release|iPhone.ActiveCfg = Release|Any CPU
		{48A7239C-9850-42E7-BFA4-49812551E421}.Release|iPhone.Build.0 = Release|Any CPU
		{48A7239C-9850-42E7-BFA4-49812551E421}.Release|iPhoneSimulator.ActiveCfg = Release|Any CPU
		{48A7239C-9850-42E7-BFA4-49812551E421}.Release|iPhoneSimulator.Build.0 = Release|Any CPU
		{48A7239C-9850-42E7-BFA4-49812551E421}.Release|x64.ActiveCfg = Release|Any CPU
		{48A7239C-9850-42E7-BFA4-49812551E421}.Release|x64.Build.0 = Release|Any CPU
		{48A7239C-9850-42E7-BFA4-49812551E421}.Release|x86.ActiveCfg = Release|Any CPU
		{48A7239C-9850-42E7-BFA4-49812551E421}.Release|x86.Build.0 = Release|Any CPU
	EndGlobalSection
	GlobalSection(SolutionProperties) = preSolution
		HideSolutionNode = FALSE
	EndGlobalSection
	GlobalSection(ExtensibilityGlobals) = postSolution
		SolutionGuid = {B6DFDD1D-3065-407E-B805-E05DD73A3ED2}
	EndGlobalSection
EndGlobal
